
Microsoft Visual Studio Solution File, Format Version 12.00
# Visual Studio Version 16
VisualStudioVersion = 16.0.29911.84
MinimumVisualStudioVersion = 10.0.40219.1
Project("{9A19103F-16F7-4668-BE54-9A1E7A4F7556}") = "NumberPuzzleX.Infrastructure.API", "NumberPuzzleX.Infrastructure.API\NumberPuzzleX.Infrastructure.API.csproj", "{353D3BE5-261C-4BE7-9640-F9F0B0EDB75D}"
EndProject
Project("{9A19103F-16F7-4668-BE54-9A1E7A4F7556}") = "NumberPuzzleX.Infrastructure.DataAccess", "NumberPuzzleX.Infrastructure.DataAccess\NumberPuzzleX.Infrastructure.DataAccess.csproj", "{5A4561AB-34BB-4DE5-86F3-45BB169056B7}"
EndProject
Project("{9A19103F-16F7-4668-BE54-9A1E7A4F7556}") = "NumberPuzzleX.Core", "NumberPuzzleX.Core\NumberPuzzleX.Core.csproj", "{FA9E247B-44FD-4B32-9C9C-9B9587BA40C4}"
EndProject
Project("{9A19103F-16F7-4668-BE54-9A1E7A4F7556}") = "NumberPuzzleX.UnitTest", "NumberPuzzleX.UnitTest\NumberPuzzleX.UnitTest.csproj", "{E38E658A-903B-41A8-8E9C-12D44FDE95BB}"
EndProject
Project("{2150E333-8FDC-42A3-9474-1A3956D46DE8}") = "50 Core", "50 Core", "{481253C8-10F0-45CA-81E0-B010FD125EAB}"
EndProject
Project("{2150E333-8FDC-42A3-9474-1A3956D46DE8}") = "10 Infrastructure", "10 Infrastructure", "{130FC944-392E-45F4-9740-9FE0BD8FF701}"
EndProject
Project("{2150E333-8FDC-42A3-9474-1A3956D46DE8}") = "90 Test", "90 Test", "{EFFD11F3-515D-40BA-8641-D6F6DFCC768D}"
EndProject
Project("{2150E333-8FDC-42A3-9474-1A3956D46DE8}") = "Solution Items", "Solution Items", "{C99467B1-C498-46B6-B10D-7819B2FD877F}"
	ProjectSection(SolutionItems) = preProject
		Undervisning.txt = Undervisning.txt
	EndProjectSection
EndProject
Global
	GlobalSection(SolutionConfigurationPlatforms) = preSolution
		Debug|Any CPU = Debug|Any CPU
		Release|Any CPU = Release|Any CPU
	EndGlobalSection
	GlobalSection(ProjectConfigurationPlatforms) = postSolution
		{353D3BE5-261C-4BE7-9640-F9F0B0EDB75D}.Debug|Any CPU.ActiveCfg = Debug|Any CPU
		{353D3BE5-261C-4BE7-9640-F9F0B0EDB75D}.Debug|Any CPU.Build.0 = Debug|Any CPU
		{353D3BE5-261C-4BE7-9640-F9F0B0EDB75D}.Release|Any CPU.ActiveCfg = Release|Any CPU
		{353D3BE5-261C-4BE7-9640-F9F0B0EDB75D}.Release|Any CPU.Build.0 = Release|Any CPU
		{5A4561AB-34BB-4DE5-86F3-45BB169056B7}.Debug|Any CPU.ActiveCfg = Debug|Any CPU
		{5A4561AB-34BB-4DE5-86F3-45BB169056B7}.Debug|Any CPU.Build.0 = Debug|Any CPU
		{5A4561AB-34BB-4DE5-86F3-45BB169056B7}.Release|Any CPU.ActiveCfg = Release|Any CPU
		{5A4561AB-34BB-4DE5-86F3-45BB169056B7}.Release|Any CPU.Build.0 = Release|Any CPU
		{FA9E247B-44FD-4B32-9C9C-9B9587BA40C4}.Debug|Any CPU.ActiveCfg = Debug|Any CPU
		{FA9E247B-44FD-4B32-9C9C-9B9587BA40C4}.Debug|Any CPU.Build.0 = Debug|Any CPU
		{FA9E247B-44FD-4B32-9C9C-9B9587BA40C4}.Release|Any CPU.ActiveCfg = Release|Any CPU
		{FA9E247B-44FD-4B32-9C9C-9B9587BA40C4}.Release|Any CPU.Build.0 = Release|Any CPU
		{E38E658A-903B-41A8-8E9C-12D44FDE95BB}.Debug|Any CPU.ActiveCfg = Debug|Any CPU
		{E38E658A-903B-41A8-8E9C-12D44FDE95BB}.Debug|Any CPU.Build.0 = Debug|Any CPU
		{E38E658A-903B-41A8-8E9C-12D44FDE95BB}.Release|Any CPU.ActiveCfg = Release|Any CPU
		{E38E658A-903B-41A8-8E9C-12D44FDE95BB}.Release|Any CPU.Build.0 = Release|Any CPU
	EndGlobalSection
	GlobalSection(SolutionProperties) = preSolution
		HideSolutionNode = FALSE
	EndGlobalSection
	GlobalSection(NestedProjects) = preSolution
		{353D3BE5-261C-4BE7-9640-F9F0B0EDB75D} = {130FC944-392E-45F4-9740-9FE0BD8FF701}
		{5A4561AB-34BB-4DE5-86F3-45BB169056B7} = {130FC944-392E-45F4-9740-9FE0BD8FF701}
		{FA9E247B-44FD-4B32-9C9C-9B9587BA40C4} = {481253C8-10F0-45CA-81E0-B010FD125EAB}
		{E38E658A-903B-41A8-8E9C-12D44FDE95BB} = {EFFD11F3-515D-40BA-8641-D6F6DFCC768D}
	EndGlobalSection
	GlobalSection(ExtensibilityGlobals) = postSolution
		SolutionGuid = {6136CFF5-20AF-4FDD-ACFC-51AE76564699}
	EndGlobalSection
EndGlobal
